
Microsoft Visual Studio Solution File, Format Version 12.00
# Visual Studio 2013
VisualStudioVersion = 12.0.31101.0
MinimumVisualStudioVersion = 10.0.40219.1
Project("{FAE04EC0-301F-11D3-BF4B-00C04F79EFBC}") = "Cabrini_Criptografia", "Cabrini_Criptografia\Cabrini_Criptografia.csproj", "{36020E5E-4DEC-4AB6-B1D4-6FD172CCA91F}"
EndProject
Project("{FAE04EC0-301F-11D3-BF4B-00C04F79EFBC}") = "Criptografia", "Criptografia\Criptografia.csproj", "{0C785D52-50F5-4BEC-9171-AF59D65BB585}"
EndProject
Project("{FAE04EC0-301F-11D3-BF4B-00C04F79EFBC}") = "Cripto_Teste", "Cripto_Teste\Cripto_Teste.csproj", "{DDEF061D-0765-458A-A3CD-010CF061168E}"
EndProject
Project("{FAE04EC0-301F-11D3-BF4B-00C04F79EFBC}") = "CriptoWPF", "CriptoWPF\CriptoWPF.csproj", "{979D2069-75BF-4A17-9E9B-72CFCB533392}"
EndProject
Global
	GlobalSection(SolutionConfigurationPlatforms) = preSolution
		Debug|Any CPU = Debug|Any CPU
		Release|Any CPU = Release|Any CPU
	EndGlobalSection
	GlobalSection(ProjectConfigurationPlatforms) = postSolution
		{36020E5E-4DEC-4AB6-B1D4-6FD172CCA91F}.Debug|Any CPU.ActiveCfg = Debug|Any CPU
		{36020E5E-4DEC-4AB6-B1D4-6FD172CCA91F}.Debug|Any CPU.Build.0 = Debug|Any CPU
		{36020E5E-4DEC-4AB6-B1D4-6FD172CCA91F}.Release|Any CPU.ActiveCfg = Release|Any CPU
		{36020E5E-4DEC-4AB6-B1D4-6FD172CCA91F}.Release|Any CPU.Build.0 = Release|Any CPU
		{0C785D52-50F5-4BEC-9171-AF59D65BB585}.Debug|Any CPU.ActiveCfg = Debug|Any CPU
		{0C785D52-50F5-4BEC-9171-AF59D65BB585}.Debug|Any CPU.Build.0 = Debug|Any CPU
		{0C785D52-50F5-4BEC-9171-AF59D65BB585}.Release|Any CPU.ActiveCfg = Release|Any CPU
		{0C785D52-50F5-4BEC-9171-AF59D65BB585}.Release|Any CPU.Build.0 = Release|Any CPU
		{DDEF061D-0765-458A-A3CD-010CF061168E}.Debug|Any CPU.ActiveCfg = Debug|Any CPU
		{DDEF061D-0765-458A-A3CD-010CF061168E}.Debug|Any CPU.Build.0 = Debug|Any CPU
		{DDEF061D-0765-458A-A3CD-010CF061168E}.Release|Any CPU.ActiveCfg = Release|Any CPU
		{DDEF061D-0765-458A-A3CD-010CF061168E}.Release|Any CPU.Build.0 = Release|Any CPU
		{979D2069-75BF-4A17-9E9B-72CFCB533392}.Debug|Any CPU.ActiveCfg = Debug|Any CPU
		{979D2069-75BF-4A17-9E9B-72CFCB533392}.Debug|Any CPU.Build.0 = Debug|Any CPU
		{979D2069-75BF-4A17-9E9B-72CFCB533392}.Release|Any CPU.ActiveCfg = Release|Any CPU
		{979D2069-75BF-4A17-9E9B-72CFCB533392}.Release|Any CPU.Build.0 = Release|Any CPU
	EndGlobalSection
	GlobalSection(SolutionProperties) = preSolution
		HideSolutionNode = FALSE
	EndGlobalSection
EndGlobal
